{
  "version": 4,
  "terraform_version": "1.6.4",
  "serial": 53,
  "lineage": "5c622f20-08b2-8e9a-a887-3df93bdc01d0",
  "outputs": {},
  "resources": [
    {
      "mode": "managed",
      "type": "local_file",
      "name": "pet",
      "provider": "provider[\"registry.terraform.io/hashicorp/local\"]",
      "instances": [
        {
          "schema_version": 0,
          "attributes": {
            "content": "i have one sibling",
            "content_base64": null,
            "content_base64sha256": "nFhbzjLhG7wjTgrd9Dxi440qy3UeOuLbvgbeMq84q/M=",
            "content_base64sha512": "9DPrOSzGY3lBXCQMfq2uTOF4rIB2AtRcuuMeCqxIayfmawm+kDtiADN1SgvUZ0Rw114w5mWA4IkjjFrZOgqsSw==",
            "content_md5": "989ebdf0f5c5bca43a5bc362f223c2b8",
            "content_sha1": "56b90367f5b250fd87992ffd4859105f317ef120",
            "content_sha256": "9c585bce32e11bbc234e0addf43c62e38d2acb751e3ae2dbbe06de32af38abf3",
            "content_sha512": "f433eb392cc66379415c240c7eadae4ce178ac807602d45cbae31e0aac486b27e66b09be903b620033754a0bd4674470d75e30e66580e089238c5ad93a0aac4b",
            "directory_permission": "0777",
            "file_permission": "0777",
            "filename": "ashnith.txt",
            "id": "56b90367f5b250fd87992ffd4859105f317ef120",
            "sensitive_content": null,
            "source": null
          },
          "sensitive_attributes": []
        }
      ]
    },
    {
      "mode": "managed",
      "type": "random_pet",
      "name": "pet-name",
      "provider": "provider[\"registry.terraform.io/hashicorp/random\"]",
      "instances": [
        {
          "schema_version": 0,
          "attributes": {
            "id": "MR.marten",
            "keepers": null,
            "length": 1,
            "prefix": "MR",
            "separator": "."
          },
          "sensitive_attributes": []
        }
      ]
    }
  ],
  "check_results": null
}
